
Microsoft Visual Studio Solution File, Format Version 12.00
# Visual Studio Version 17
VisualStudioVersion = 17.1.32421.90
MinimumVisualStudioVersion = 10.0.40219.1
Project("{9A19103F-16F7-4668-BE54-9A1E7A4F7556}") = "Infocaster.Telemetry.Umbraco", "src\Infocaster.Telemetry.Umbraco\Infocaster.Telemetry.Umbraco.csproj", "{538596BF-A6F1-43F1-9D79-45397AA87413}"
EndProject
Project("{FAE04EC0-301F-11D3-BF4B-00C04F79EFBC}") = "Infocaster.Telemetry.Umbraco.Site", "src\Infocaster.Telemetry.Umbraco.Site\Infocaster.Telemetry.Umbraco.Site.csproj", "{B52DACA3-DDED-4019-8AEC-506209AC8BD9}"
EndProject
Project("{2150E333-8FDC-42A3-9474-1A3956D46DE8}") = "Solution files", "Solution files", "{FC728944-2079-42A3-BA5C-582DB94B8AEF}"
	ProjectSection(SolutionItems) = preProject
		azure-pipelines.yml = azure-pipelines.yml
		docs\backoffice credentials.txt = docs\backoffice credentials.txt
		README-NUGET.md = README-NUGET.md
		docs\CONTRIBUTING.md = docs\CONTRIBUTING.md
		README.md = README.md
	EndProjectSection
EndProject
Global
	GlobalSection(SolutionConfigurationPlatforms) = preSolution
		Debug|Any CPU = Debug|Any CPU
		Release|Any CPU = Release|Any CPU
	EndGlobalSection
	GlobalSection(ProjectConfigurationPlatforms) = postSolution
		{538596BF-A6F1-43F1-9D79-45397AA87413}.Debug|Any CPU.ActiveCfg = Debug|Any CPU
		{538596BF-A6F1-43F1-9D79-45397AA87413}.Debug|Any CPU.Build.0 = Debug|Any CPU
		{538596BF-A6F1-43F1-9D79-45397AA87413}.Release|Any CPU.ActiveCfg = Release|Any CPU
		{538596BF-A6F1-43F1-9D79-45397AA87413}.Release|Any CPU.Build.0 = Release|Any CPU
		{B52DACA3-DDED-4019-8AEC-506209AC8BD9}.Debug|Any CPU.ActiveCfg = Debug|Any CPU
		{B52DACA3-DDED-4019-8AEC-506209AC8BD9}.Debug|Any CPU.Build.0 = Debug|Any CPU
		{B52DACA3-DDED-4019-8AEC-506209AC8BD9}.Release|Any CPU.ActiveCfg = Release|Any CPU
		{B52DACA3-DDED-4019-8AEC-506209AC8BD9}.Release|Any CPU.Build.0 = Release|Any CPU
	EndGlobalSection
	GlobalSection(SolutionProperties) = preSolution
		HideSolutionNode = FALSE
	EndGlobalSection
	GlobalSection(ExtensibilityGlobals) = postSolution
		SolutionGuid = {B9C3FD06-58FB-43E1-96E8-4A44CFEC6F7B}
	EndGlobalSection
EndGlobal
